{
  "name": "frontend-framework-starter",
  "version": "24.0.0",
  "lockfileVersion": 3,
  "requires": true,
  "packages": {
    "": {
      "name": "frontend-framework-starter",
      "version": "24.0.0",
      "license": "SEE LICENSE IN LICENSE.MD",
      "engines": {
        "node": ">=22"
      }
    }
  }
}
